
Microsoft Visual Studio Solution File, Format Version 12.00
# Visual Studio Version 17
VisualStudioVersion = 17.3.32929.385
MinimumVisualStudioVersion = 10.0.40219.1
Project("{FAE04EC0-301F-11D3-BF4B-00C04F79EFBC}") = "BestBuyBestPractices", "BestBuyBestPractices\BestBuyBestPractices.csproj", "{4DBBBAB2-19A2-4BAC-9165-0D105191E950}"
EndProject
Global
	GlobalSection(SolutionConfigurationPlatforms) = preSolution
		Debug|Any CPU = Debug|Any CPU
		Release|Any CPU = Release|Any CPU
	EndGlobalSection
	GlobalSection(ProjectConfigurationPlatforms) = postSolution
		{4DBBBAB2-19A2-4BAC-9165-0D105191E950}.Debug|Any CPU.ActiveCfg = Debug|Any CPU
		{4DBBBAB2-19A2-4BAC-9165-0D105191E950}.Debug|Any CPU.Build.0 = Debug|Any CPU
		{4DBBBAB2-19A2-4BAC-9165-0D105191E950}.Release|Any CPU.ActiveCfg = Release|Any CPU
		{4DBBBAB2-19A2-4BAC-9165-0D105191E950}.Release|Any CPU.Build.0 = Release|Any CPU
	EndGlobalSection
	GlobalSection(SolutionProperties) = preSolution
		HideSolutionNode = FALSE
	EndGlobalSection
	GlobalSection(ExtensibilityGlobals) = postSolution
		SolutionGuid = {01F9F9CD-6098-4147-869A-58172C607024}
	EndGlobalSection
EndGlobal
